
Microsoft Visual Studio Solution File, Format Version 12.00
# Visual Studio Version 16
VisualStudioVersion = 16.0.29613.14
MinimumVisualStudioVersion = 10.0.40219.1
Project("{FAE04EC0-301F-11D3-BF4B-00C04F79EFBC}") = "Gotowy projekt invaders", "Gotowy projekt invaders\Gotowy projekt invaders.csproj", "{E9E750FC-4326-4548-A465-63107DA8AE87}"
EndProject
Global
	GlobalSection(SolutionConfigurationPlatforms) = preSolution
		Debug|Any CPU = Debug|Any CPU
		Release|Any CPU = Release|Any CPU
	EndGlobalSection
	GlobalSection(ProjectConfigurationPlatforms) = postSolution
		{E9E750FC-4326-4548-A465-63107DA8AE87}.Debug|Any CPU.ActiveCfg = Debug|Any CPU
		{E9E750FC-4326-4548-A465-63107DA8AE87}.Debug|Any CPU.Build.0 = Debug|Any CPU
		{E9E750FC-4326-4548-A465-63107DA8AE87}.Release|Any CPU.ActiveCfg = Release|Any CPU
		{E9E750FC-4326-4548-A465-63107DA8AE87}.Release|Any CPU.Build.0 = Release|Any CPU
	EndGlobalSection
	GlobalSection(SolutionProperties) = preSolution
		HideSolutionNode = FALSE
	EndGlobalSection
	GlobalSection(ExtensibilityGlobals) = postSolution
		SolutionGuid = {82E99E6A-84F1-4B1A-9308-ADF7C534C5E8}
	EndGlobalSection
EndGlobal
